
Microsoft Visual Studio Solution File, Format Version 12.00
# Visual Studio Version 17
VisualStudioVersion = 17.9.34723.18
MinimumVisualStudioVersion = 10.0.40219.1
Project("{9A19103F-16F7-4668-BE54-9A1E7A4F7556}") = "SmartCity.Api", "SmartCity.Api\SmartCity.Api.csproj", "{5E90DB01-C0C5-4E91-BD94-F0D6DC7C86B3}"
EndProject
Project("{9A19103F-16F7-4668-BE54-9A1E7A4F7556}") = "SmartCity.Domain", "SmartCity.Domain\SmartCity.Domain.csproj", "{3533F9C8-1C61-48B0-B4DB-49ADEC62D0D9}"
EndProject
Project("{9A19103F-16F7-4668-BE54-9A1E7A4F7556}") = "SmartCity.Application", "SmartCity.Application\SmartCity.Application.csproj", "{D47F2E2F-733B-45DA-BC34-6D258CD1B0A2}"
EndProject
Project("{9A19103F-16F7-4668-BE54-9A1E7A4F7556}") = "SmartCity.Infrastructure", "SmartCity.Infrastructure\SmartCity.Infrastructure.csproj", "{0D23C102-7333-482B-95FE-59DC06FBCD2D}"
EndProject
Project("{9A19103F-16F7-4668-BE54-9A1E7A4F7556}") = "SmartCity.Tests", "SmartCity.Tests\SmartCity.Tests.csproj", "{A99BA3DD-028F-4028-89F7-B429D65864D4}"
EndProject
Project("{2150E333-8FDC-42A3-9474-1A3956D46DE8}") = "Solution Items", "Solution Items", "{C524B981-D6F4-4E24-B5E5-AE225A71D45D}"
	ProjectSection(SolutionItems) = preProject
		.dockerignore = .dockerignore
		Dockerfile = Dockerfile
		README.md = README.md
	EndProjectSection
EndProject
Project("{2150E333-8FDC-42A3-9474-1A3956D46DE8}") = "src", "src", "{F48091C0-FD58-4245-94F2-4A1617AB096A}"
EndProject
Project("{2150E333-8FDC-42A3-9474-1A3956D46DE8}") = "tests", "tests", "{2566C53D-6D13-44D4-AAB9-E2EF3E518936}"
EndProject
Project("{2150E333-8FDC-42A3-9474-1A3956D46DE8}") = ".github", ".github", "{1961F4EA-8551-4A56-AEA6-84B0F1BB69FF}"
EndProject
Project("{2150E333-8FDC-42A3-9474-1A3956D46DE8}") = "workflows", "workflows", "{1CD3C490-364A-4F12-8186-295D11E58361}"
	ProjectSection(SolutionItems) = preProject
		ci.yml = ci.yml
	EndProjectSection
EndProject
Global
	GlobalSection(SolutionConfigurationPlatforms) = preSolution
		Debug|Any CPU = Debug|Any CPU
		Release|Any CPU = Release|Any CPU
	EndGlobalSection
	GlobalSection(ProjectConfigurationPlatforms) = postSolution
		{5E90DB01-C0C5-4E91-BD94-F0D6DC7C86B3}.Debug|Any CPU.ActiveCfg = Debug|Any CPU
		{5E90DB01-C0C5-4E91-BD94-F0D6DC7C86B3}.Debug|Any CPU.Build.0 = Debug|Any CPU
		{5E90DB01-C0C5-4E91-BD94-F0D6DC7C86B3}.Release|Any CPU.ActiveCfg = Release|Any CPU
		{5E90DB01-C0C5-4E91-BD94-F0D6DC7C86B3}.Release|Any CPU.Build.0 = Release|Any CPU
		{3533F9C8-1C61-48B0-B4DB-49ADEC62D0D9}.Debug|Any CPU.ActiveCfg = Debug|Any CPU
		{3533F9C8-1C61-48B0-B4DB-49ADEC62D0D9}.Debug|Any CPU.Build.0 = Debug|Any CPU
		{3533F9C8-1C61-48B0-B4DB-49ADEC62D0D9}.Release|Any CPU.ActiveCfg = Release|Any CPU
		{3533F9C8-1C61-48B0-B4DB-49ADEC62D0D9}.Release|Any CPU.Build.0 = Release|Any CPU
		{D47F2E2F-733B-45DA-BC34-6D258CD1B0A2}.Debug|Any CPU.ActiveCfg = Debug|Any CPU
		{D47F2E2F-733B-45DA-BC34-6D258CD1B0A2}.Debug|Any CPU.Build.0 = Debug|Any CPU
		{D47F2E2F-733B-45DA-BC34-6D258CD1B0A2}.Release|Any CPU.ActiveCfg = Release|Any CPU
		{D47F2E2F-733B-45DA-BC34-6D258CD1B0A2}.Release|Any CPU.Build.0 = Release|Any CPU
		{0D23C102-7333-482B-95FE-59DC06FBCD2D}.Debug|Any CPU.ActiveCfg = Debug|Any CPU
		{0D23C102-7333-482B-95FE-59DC06FBCD2D}.Debug|Any CPU.Build.0 = Debug|Any CPU
		{0D23C102-7333-482B-95FE-59DC06FBCD2D}.Release|Any CPU.ActiveCfg = Release|Any CPU
		{0D23C102-7333-482B-95FE-59DC06FBCD2D}.Release|Any CPU.Build.0 = Release|Any CPU
		{A99BA3DD-028F-4028-89F7-B429D65864D4}.Debug|Any CPU.ActiveCfg = Debug|Any CPU
		{A99BA3DD-028F-4028-89F7-B429D65864D4}.Debug|Any CPU.Build.0 = Debug|Any CPU
		{A99BA3DD-028F-4028-89F7-B429D65864D4}.Release|Any CPU.ActiveCfg = Release|Any CPU
		{A99BA3DD-028F-4028-89F7-B429D65864D4}.Release|Any CPU.Build.0 = Release|Any CPU
	EndGlobalSection
	GlobalSection(SolutionProperties) = preSolution
		HideSolutionNode = FALSE
	EndGlobalSection
	GlobalSection(NestedProjects) = preSolution
		{5E90DB01-C0C5-4E91-BD94-F0D6DC7C86B3} = {F48091C0-FD58-4245-94F2-4A1617AB096A}
		{3533F9C8-1C61-48B0-B4DB-49ADEC62D0D9} = {F48091C0-FD58-4245-94F2-4A1617AB096A}
		{D47F2E2F-733B-45DA-BC34-6D258CD1B0A2} = {F48091C0-FD58-4245-94F2-4A1617AB096A}
		{0D23C102-7333-482B-95FE-59DC06FBCD2D} = {F48091C0-FD58-4245-94F2-4A1617AB096A}
		{A99BA3DD-028F-4028-89F7-B429D65864D4} = {2566C53D-6D13-44D4-AAB9-E2EF3E518936}
		{1CD3C490-364A-4F12-8186-295D11E58361} = {1961F4EA-8551-4A56-AEA6-84B0F1BB69FF}
	EndGlobalSection
	GlobalSection(ExtensibilityGlobals) = postSolution
		SolutionGuid = {B120146B-90E3-4AB8-8A61-EF10CA7B7F70}
	EndGlobalSection
EndGlobal
